// !$*UTF8*$!
{
	archiveVersion = 1;
	classes = {
	};
	objectVersion = 46;
	objects = {

/* Begin PBXBuildFile section */
		520C69F91CD2531E00ACB4CC /* GenericResponse.swift in Sources */ = {isa = PBXBuildFile; fileRef = 520C69F81CD2531E00ACB4CC /* GenericResponse.swift */; };
		5210C7521CAAC450002B4DF3 /* ActivitySimpleCell.swift in Sources */ = {isa = PBXBuildFile; fileRef = 5210C7511CAAC450002B4DF3 /* ActivitySimpleCell.swift */; };
		5210C7541CAAC606002B4DF3 /* ActivityDefaultCell.swift in Sources */ = {isa = PBXBuildFile; fileRef = 5210C7531CAAC606002B4DF3 /* ActivityDefaultCell.swift */; };
		5210C7561CAAC615002B4DF3 /* ActivityActionCell.swift in Sources */ = {isa = PBXBuildFile; fileRef = 5210C7551CAAC615002B4DF3 /* ActivityActionCell.swift */; };
		5218FB951CCAA2C60038E7F1 /* ConnectionManager.swift in Sources */ = {isa = PBXBuildFile; fileRef = 5218FB941CCAA2C60038E7F1 /* ConnectionManager.swift */; };
		5218FB971CCAA30D0038E7F1 /* User.swift in Sources */ = {isa = PBXBuildFile; fileRef = 5218FB961CCAA30D0038E7F1 /* User.swift */; };
		52227FCF1C999F2E002DBBFA /* ViewController.swift in Sources */ = {isa = PBXBuildFile; fileRef = 52227FCE1C999F2E002DBBFA /* ViewController.swift */; };
		52227FD21C99A115002DBBFA /* NavigationController.swift in Sources */ = {isa = PBXBuildFile; fileRef = 52227FD11C99A115002DBBFA /* NavigationController.swift */; };
		52227FD61C99A331002DBBFA /* CustomColors.swift in Sources */ = {isa = PBXBuildFile; fileRef = 52227FD51C99A331002DBBFA /* CustomColors.swift */; };
		52227FD81C99A666002DBBFA /* SignupViewController.swift in Sources */ = {isa = PBXBuildFile; fileRef = 52227FD71C99A666002DBBFA /* SignupViewController.swift */; };
		52258C0C1C9AE0EA00E3DAC7 /* TermsAndConditionsViewController.swift in Sources */ = {isa = PBXBuildFile; fileRef = 52258C0B1C9AE0EA00E3DAC7 /* TermsAndConditionsViewController.swift */; };
		52258C0F1C9AEFCB00E3DAC7 /* Home.storyboard in Resources */ = {isa = PBXBuildFile; fileRef = 52258C0E1C9AEFCB00E3DAC7 /* Home.storyboard */; };
		52258C121C9AF04F00E3DAC7 /* StoryboardRouter.swift in Sources */ = {isa = PBXBuildFile; fileRef = 52258C111C9AF04F00E3DAC7 /* StoryboardRouter.swift */; };
		52258C141C9AF10000E3DAC7 /* HomeViewController.swift in Sources */ = {isa = PBXBuildFile; fileRef = 52258C131C9AF10000E3DAC7 /* HomeViewController.swift */; };
		522594FE1CB6EBE1002396A4 /* ShareViewController.swift in Sources */ = {isa = PBXBuildFile; fileRef = 522594FD1CB6EBE1002396A4 /* ShareViewController.swift */; };
		522994ED1CC15A4400C589C6 /* WDLeaderboardsViewController.swift in Sources */ = {isa = PBXBuildFile; fileRef = 522994EC1CC15A4400C589C6 /* WDLeaderboardsViewController.swift */; };
		5234D6FA1C9C343400910765 /* ForgotPasswordViewController.swift in Sources */ = {isa = PBXBuildFile; fileRef = 5234D6F91C9C343400910765 /* ForgotPasswordViewController.swift */; };
		5234D6FC1C9C41EE00910765 /* MenuItems.plist in Resources */ = {isa = PBXBuildFile; fileRef = 5234D6FB1C9C41EE00910765 /* MenuItems.plist */; };
		5234D7001C9C465E00910765 /* MenuViewController.swift in Sources */ = {isa = PBXBuildFile; fileRef = 5234D6FF1C9C465E00910765 /* MenuViewController.swift */; };
		523977D81CAF01C000C85CAF /* PoolCell.swift in Sources */ = {isa = PBXBuildFile; fileRef = 523977D71CAF01C000C85CAF /* PoolCell.swift */; };
		523977DA1CAF0FAC00C85CAF /* Pool.swift in Sources */ = {isa = PBXBuildFile; fileRef = 523977D91CAF0FAC00C85CAF /* Pool.swift */; };
		52444B701CDA6EF900934656 /* OpenSans-Bold.ttf in Resources */ = {isa = PBXBuildFile; fileRef = 52444B661CDA6EF900934656 /* OpenSans-Bold.ttf */; };
		52444B711CDA6EF900934656 /* OpenSans-BoldItalic.ttf in Resources */ = {isa = PBXBuildFile; fileRef = 52444B671CDA6EF900934656 /* OpenSans-BoldItalic.ttf */; };
		52444B721CDA6EF900934656 /* OpenSans-ExtraBold.ttf in Resources */ = {isa = PBXBuildFile; fileRef = 52444B681CDA6EF900934656 /* OpenSans-ExtraBold.ttf */; };
		52444B731CDA6EF900934656 /* OpenSans-ExtraBoldItalic.ttf in Resources */ = {isa = PBXBuildFile; fileRef = 52444B691CDA6EF900934656 /* OpenSans-ExtraBoldItalic.ttf */; };
		52444B741CDA6EF900934656 /* OpenSans-Italic.ttf in Resources */ = {isa = PBXBuildFile; fileRef = 52444B6A1CDA6EF900934656 /* OpenSans-Italic.ttf */; };
		52444B751CDA6EF900934656 /* OpenSans-Light.ttf in Resources */ = {isa = PBXBuildFile; fileRef = 52444B6B1CDA6EF900934656 /* OpenSans-Light.ttf */; };
		52444B761CDA6EF900934656 /* OpenSans-LightItalic.ttf in Resources */ = {isa = PBXBuildFile; fileRef = 52444B6C1CDA6EF900934656 /* OpenSans-LightItalic.ttf */; };
		52444B771CDA6EF900934656 /* OpenSans-Regular.ttf in Resources */ = {isa = PBXBuildFile; fileRef = 52444B6D1CDA6EF900934656 /* OpenSans-Regular.ttf */; };
		52444B781CDA6EF900934656 /* OpenSans-Semibold.ttf in Resources */ = {isa = PBXBuildFile; fileRef = 52444B6E1CDA6EF900934656 /* OpenSans-Semibold.ttf */; };
		52444B791CDA6EF900934656 /* OpenSans-SemiboldItalic.ttf in Resources */ = {isa = PBXBuildFile; fileRef = 52444B6F1CDA6EF900934656 /* OpenSans-SemiboldItalic.ttf */; };
		5249118F1CAC11E600D6E763 /* DataProvider.swift in Sources */ = {isa = PBXBuildFile; fileRef = 5249118E1CAC11E600D6E763 /* DataProvider.swift */; };
		524911911CAC123100D6E763 /* Notification.swift in Sources */ = {isa = PBXBuildFile; fileRef = 524911901CAC123100D6E763 /* Notification.swift */; };
		524911941CAC126500D6E763 /* DummyDataProvider.swift in Sources */ = {isa = PBXBuildFile; fileRef = 524911931CAC126500D6E763 /* DummyDataProvider.swift */; };
		524911961CAC5FFC00D6E763 /* PoolsViewController.swift in Sources */ = {isa = PBXBuildFile; fileRef = 524911951CAC5FFC00D6E763 /* PoolsViewController.swift */; };
		524D200D1C98925000FCE996 /* UIDevice+ModelName.swift in Sources */ = {isa = PBXBuildFile; fileRef = 524D200C1C98925000FCE996 /* UIDevice+ModelName.swift */; };
		524D200F1C989CBA00FCE996 /* UIView+Round.swift in Sources */ = {isa = PBXBuildFile; fileRef = 524D200E1C989CBA00FCE996 /* UIView+Round.swift */; };
		525150B01CA17D1900BEC445 /* Profile.storyboard in Resources */ = {isa = PBXBuildFile; fileRef = 525150AF1CA17D1900BEC445 /* Profile.storyboard */; };
		525150B21CA17D7900BEC445 /* ProfileViewController.swift in Sources */ = {isa = PBXBuildFile; fileRef = 525150B11CA17D7900BEC445 /* ProfileViewController.swift */; };
		525523991CA9869700D92F7F /* MenuItemCell.swift in Sources */ = {isa = PBXBuildFile; fileRef = 525523981CA9869700D92F7F /* MenuItemCell.swift */; };
		5255239B1CA9879900D92F7F /* MainViewController.swift in Sources */ = {isa = PBXBuildFile; fileRef = 5255239A1CA9879900D92F7F /* MainViewController.swift */; };
		5255239D1CA987CE00D92F7F /* MenuContentViewController.swift in Sources */ = {isa = PBXBuildFile; fileRef = 5255239C1CA987CE00D92F7F /* MenuContentViewController.swift */; };
		528822ED1C9B083400B490AD /* Menu.storyboard in Resources */ = {isa = PBXBuildFile; fileRef = 528822EC1C9B083400B490AD /* Menu.storyboard */; };
		529A9D311CC57DD800720377 /* AntiCheatImageViewController.swift in Sources */ = {isa = PBXBuildFile; fileRef = 529A9D301CC57DD800720377 /* AntiCheatImageViewController.swift */; };
		52A374331C9844A900E3A4A5 /* AppDelegate.swift in Sources */ = {isa = PBXBuildFile; fileRef = 52A374321C9844A900E3A4A5 /* AppDelegate.swift */; };
		52A374351C9844A900E3A4A5 /* LoginViewController.swift in Sources */ = {isa = PBXBuildFile; fileRef = 52A374341C9844A900E3A4A5 /* LoginViewController.swift */; };
		52A374381C9844A900E3A4A5 /* Main.storyboard in Resources */ = {isa = PBXBuildFile; fileRef = 52A374361C9844A900E3A4A5 /* Main.storyboard */; };
		52A3743A1C9844A900E3A4A5 /* Assets.xcassets in Resources */ = {isa = PBXBuildFile; fileRef = 52A374391C9844A900E3A4A5 /* Assets.xcassets */; };
		52A3743D1C9844A900E3A4A5 /* LaunchScreen.storyboard in Resources */ = {isa = PBXBuildFile; fileRef = 52A3743B1C9844A900E3A4A5 /* LaunchScreen.storyboard */; };
		52B2C90A1CC6A2A400504E49 /* PoolTypeEnum.swift in Sources */ = {isa = PBXBuildFile; fileRef = 52B2C9091CC6A2A400504E49 /* PoolTypeEnum.swift */; };
		52B3E0D41CA2D2D2000ED657 /* Settings.storyboard in Resources */ = {isa = PBXBuildFile; fileRef = 52B3E0D31CA2D2D2000ED657 /* Settings.storyboard */; };
		52B3E0D61CA2D31B000ED657 /* SettingsViewController.swift in Sources */ = {isa = PBXBuildFile; fileRef = 52B3E0D51CA2D31B000ED657 /* SettingsViewController.swift */; };
		52B3E0D91CA2E59C000ED657 /* Balance.storyboard in Resources */ = {isa = PBXBuildFile; fileRef = 52B3E0D81CA2E59C000ED657 /* Balance.storyboard */; };
		52B3E0DB1CA2E5F3000ED657 /* BalanceViewController.swift in Sources */ = {isa = PBXBuildFile; fileRef = 52B3E0DA1CA2E5F3000ED657 /* BalanceViewController.swift */; };
		52B3E0DE1CA3253F000ED657 /* ActivityViewController.swift in Sources */ = {isa = PBXBuildFile; fileRef = 52B3E0DD1CA3253F000ED657 /* ActivityViewController.swift */; };
		52B3E0E01CA3254C000ED657 /* Activity.storyboard in Resources */ = {isa = PBXBuildFile; fileRef = 52B3E0DF1CA3254C000ED657 /* Activity.storyboard */; };
		52B3E0E41CA326A2000ED657 /* Leaderboards.storyboard in Resources */ = {isa = PBXBuildFile; fileRef = 52B3E0E31CA326A2000ED657 /* Leaderboards.storyboard */; };
		52B3E0E61CA326A9000ED657 /* Stats.storyboard in Resources */ = {isa = PBXBuildFile; fileRef = 52B3E0E51CA326A9000ED657 /* Stats.storyboard */; };
		52B3E0E81CA326E7000ED657 /* LeaderboardsViewController.swift in Sources */ = {isa = PBXBuildFile; fileRef = 52B3E0E71CA326E7000ED657 /* LeaderboardsViewController.swift */; };
		52B3E0EA1CA326FC000ED657 /* StatsViewController.swift in Sources */ = {isa = PBXBuildFile; fileRef = 52B3E0E91CA326FC000ED657 /* StatsViewController.swift */; };
		52B982331CB2C42300706DCC /* PoolViewController.swift in Sources */ = {isa = PBXBuildFile; fileRef = 52B982321CB2C42300706DCC /* PoolViewController.swift */; };
		52B982351CB3146100706DCC /* WellDoneViewController.swift in Sources */ = {isa = PBXBuildFile; fileRef = 52B982341CB3146100706DCC /* WellDoneViewController.swift */; };
		52D5B1101CAD779A00E0BCE1 /* Localizable.strings in Resources */ = {isa = PBXBuildFile; fileRef = 52D5B10F1CAD779A00E0BCE1 /* Localizable.strings */; };
		52D5B1121CAD78EB00E0BCE1 /* LocalizableLabel.swift in Sources */ = {isa = PBXBuildFile; fileRef = 52D5B1111CAD78EB00E0BCE1 /* LocalizableLabel.swift */; };
		52D5B1141CAD798100E0BCE1 /* String+Localizable.swift in Sources */ = {isa = PBXBuildFile; fileRef = 52D5B1131CAD798100E0BCE1 /* String+Localizable.swift */; };
		52D5B1161CAD7A7E00E0BCE1 /* LocalizableButton.swift in Sources */ = {isa = PBXBuildFile; fileRef = 52D5B1151CAD7A7E00E0BCE1 /* LocalizableButton.swift */; };
		52E672EE1CC550380062653C /* AntiCheatViewController.swift in Sources */ = {isa = PBXBuildFile; fileRef = 52E672ED1CC550380062653C /* AntiCheatViewController.swift */; };
		52FA0DFF1CECB69C00A89CF7 /* HealthKit.swift in Sources */ = {isa = PBXBuildFile; fileRef = 52FA0DFE1CECB69C00A89CF7 /* HealthKit.swift */; };
		52FC35061CC66C5600E094DA /* Platform.swift in Sources */ = {isa = PBXBuildFile; fileRef = 52FC35051CC66C5600E094DA /* Platform.swift */; };
		7C039DAA1CE216C100C7DED4 /* Balance.swift in Sources */ = {isa = PBXBuildFile; fileRef = 7C039DA91CE216C100C7DED4 /* Balance.swift */; };
		7C039DAC1CE21BCD00C7DED4 /* Transaction.swift in Sources */ = {isa = PBXBuildFile; fileRef = 7C039DAB1CE21BCD00C7DED4 /* Transaction.swift */; };
		7C872D0E1CE62AC200A1083E /* PoolType.swift in Sources */ = {isa = PBXBuildFile; fileRef = 7C872D0D1CE62AC200A1083E /* PoolType.swift */; };
		7C8E737F1CE518F1006B4271 /* Activity.swift in Sources */ = {isa = PBXBuildFile; fileRef = 7C8E737E1CE518F1006B4271 /* Activity.swift */; };
		C34D996C6020C73A34190709 /* Pods_Paid_to_Go.framework in Frameworks */ = {isa = PBXBuildFile; fileRef = 7F87302DB8BB0DFE8E484C67 /* Pods_Paid_to_Go.framework */; };
/* End PBXBuildFile section */

/* Begin PBXFileReference section */
		520C69F81CD2531E00ACB4CC /* GenericResponse.swift */ = {isa = PBXFileReference; fileEncoding = 4; lastKnownFileType = sourcecode.swift; path = GenericResponse.swift; sourceTree = "<group>"; };
		5210C7511CAAC450002B4DF3 /* ActivitySimpleCell.swift */ = {isa = PBXFileReference; fileEncoding = 4; lastKnownFileType = sourcecode.swift; path = ActivitySimpleCell.swift; sourceTree = "<group>"; };
		5210C7531CAAC606002B4DF3 /* ActivityDefaultCell.swift */ = {isa = PBXFileReference; fileEncoding = 4; lastKnownFileType = sourcecode.swift; path = ActivityDefaultCell.swift; sourceTree = "<group>"; };
		5210C7551CAAC615002B4DF3 /* ActivityActionCell.swift */ = {isa = PBXFileReference; fileEncoding = 4; lastKnownFileType = sourcecode.swift; path = ActivityActionCell.swift; sourceTree = "<group>"; };
		5218FB941CCAA2C60038E7F1 /* ConnectionManager.swift */ = {isa = PBXFileReference; fileEncoding = 4; lastKnownFileType = sourcecode.swift; path = ConnectionManager.swift; sourceTree = "<group>"; };
		5218FB961CCAA30D0038E7F1 /* User.swift */ = {isa = PBXFileReference; fileEncoding = 4; lastKnownFileType = sourcecode.swift; path = User.swift; sourceTree = "<group>"; };
		52227FCE1C999F2E002DBBFA /* ViewController.swift */ = {isa = PBXFileReference; fileEncoding = 4; lastKnownFileType = sourcecode.swift; path = ViewController.swift; sourceTree = "<group>"; };
		52227FD11C99A115002DBBFA /* NavigationController.swift */ = {isa = PBXFileReference; fileEncoding = 4; lastKnownFileType = sourcecode.swift; path = NavigationController.swift; sourceTree = "<group>"; };
		52227FD51C99A331002DBBFA /* CustomColors.swift */ = {isa = PBXFileReference; fileEncoding = 4; lastKnownFileType = sourcecode.swift; path = CustomColors.swift; sourceTree = "<group>"; };
		52227FD71C99A666002DBBFA /* SignupViewController.swift */ = {isa = PBXFileReference; fileEncoding = 4; lastKnownFileType = sourcecode.swift; path = SignupViewController.swift; sourceTree = "<group>"; };
		52258C0B1C9AE0EA00E3DAC7 /* TermsAndConditionsViewController.swift */ = {isa = PBXFileReference; fileEncoding = 4; lastKnownFileType = sourcecode.swift; path = TermsAndConditionsViewController.swift; sourceTree = "<group>"; };
		52258C0E1C9AEFCB00E3DAC7 /* Home.storyboard */ = {isa = PBXFileReference; fileEncoding = 4; lastKnownFileType = file.storyboard; path = Home.storyboard; sourceTree = "<group>"; };
		52258C111C9AF04F00E3DAC7 /* StoryboardRouter.swift */ = {isa = PBXFileReference; fileEncoding = 4; lastKnownFileType = sourcecode.swift; path = StoryboardRouter.swift; sourceTree = "<group>"; };
		52258C131C9AF10000E3DAC7 /* HomeViewController.swift */ = {isa = PBXFileReference; fileEncoding = 4; lastKnownFileType = sourcecode.swift; path = HomeViewController.swift; sourceTree = "<group>"; };
		522594FD1CB6EBE1002396A4 /* ShareViewController.swift */ = {isa = PBXFileReference; fileEncoding = 4; lastKnownFileType = sourcecode.swift; path = ShareViewController.swift; sourceTree = "<group>"; };
		522994EC1CC15A4400C589C6 /* WDLeaderboardsViewController.swift */ = {isa = PBXFileReference; fileEncoding = 4; lastKnownFileType = sourcecode.swift; path = WDLeaderboardsViewController.swift; sourceTree = "<group>"; };
		5234D6F91C9C343400910765 /* ForgotPasswordViewController.swift */ = {isa = PBXFileReference; fileEncoding = 4; lastKnownFileType = sourcecode.swift; path = ForgotPasswordViewController.swift; sourceTree = "<group>"; };
		5234D6FB1C9C41EE00910765 /* MenuItems.plist */ = {isa = PBXFileReference; fileEncoding = 4; lastKnownFileType = text.plist.xml; path = MenuItems.plist; sourceTree = "<group>"; };
		5234D6FF1C9C465E00910765 /* MenuViewController.swift */ = {isa = PBXFileReference; fileEncoding = 4; lastKnownFileType = sourcecode.swift; path = MenuViewController.swift; sourceTree = "<group>"; };
		523977D71CAF01C000C85CAF /* PoolCell.swift */ = {isa = PBXFileReference; fileEncoding = 4; lastKnownFileType = sourcecode.swift; path = PoolCell.swift; sourceTree = "<group>"; };
		523977D91CAF0FAC00C85CAF /* Pool.swift */ = {isa = PBXFileReference; fileEncoding = 4; lastKnownFileType = sourcecode.swift; path = Pool.swift; sourceTree = "<group>"; };
		52444B661CDA6EF900934656 /* OpenSans-Bold.ttf */ = {isa = PBXFileReference; lastKnownFileType = file; path = "OpenSans-Bold.ttf"; sourceTree = "<group>"; };
		52444B671CDA6EF900934656 /* OpenSans-BoldItalic.ttf */ = {isa = PBXFileReference; lastKnownFileType = file; path = "OpenSans-BoldItalic.ttf"; sourceTree = "<group>"; };
		52444B681CDA6EF900934656 /* OpenSans-ExtraBold.ttf */ = {isa = PBXFileReference; lastKnownFileType = file; path = "OpenSans-ExtraBold.ttf"; sourceTree = "<group>"; };
		52444B691CDA6EF900934656 /* OpenSans-ExtraBoldItalic.ttf */ = {isa = PBXFileReference; lastKnownFileType = file; path = "OpenSans-ExtraBoldItalic.ttf"; sourceTree = "<group>"; };
		52444B6A1CDA6EF900934656 /* OpenSans-Italic.ttf */ = {isa = PBXFileReference; lastKnownFileType = file; path = "OpenSans-Italic.ttf"; sourceTree = "<group>"; };
		52444B6B1CDA6EF900934656 /* OpenSans-Light.ttf */ = {isa = PBXFileReference; lastKnownFileType = file; path = "OpenSans-Light.ttf"; sourceTree = "<group>"; };
		52444B6C1CDA6EF900934656 /* OpenSans-LightItalic.ttf */ = {isa = PBXFileReference; lastKnownFileType = file; path = "OpenSans-LightItalic.ttf"; sourceTree = "<group>"; };
		52444B6D1CDA6EF900934656 /* OpenSans-Regular.ttf */ = {isa = PBXFileReference; lastKnownFileType = file; path = "OpenSans-Regular.ttf"; sourceTree = "<group>"; };
		52444B6E1CDA6EF900934656 /* OpenSans-Semibold.ttf */ = {isa = PBXFileReference; lastKnownFileType = file; path = "OpenSans-Semibold.ttf"; sourceTree = "<group>"; };
		52444B6F1CDA6EF900934656 /* OpenSans-SemiboldItalic.ttf */ = {isa = PBXFileReference; lastKnownFileType = file; path = "OpenSans-SemiboldItalic.ttf"; sourceTree = "<group>"; };
		5249118E1CAC11E600D6E763 /* DataProvider.swift */ = {isa = PBXFileReference; fileEncoding = 4; lastKnownFileType = sourcecode.swift; path = DataProvider.swift; sourceTree = "<group>"; };
		524911901CAC123100D6E763 /* Notification.swift */ = {isa = PBXFileReference; fileEncoding = 4; lastKnownFileType = sourcecode.swift; path = Notification.swift; sourceTree = "<group>"; };
		524911931CAC126500D6E763 /* DummyDataProvider.swift */ = {isa = PBXFileReference; fileEncoding = 4; lastKnownFileType = sourcecode.swift; path = DummyDataProvider.swift; sourceTree = "<group>"; };
		524911951CAC5FFC00D6E763 /* PoolsViewController.swift */ = {isa = PBXFileReference; fileEncoding = 4; lastKnownFileType = sourcecode.swift; path = PoolsViewController.swift; sourceTree = "<group>"; };
		524D200C1C98925000FCE996 /* UIDevice+ModelName.swift */ = {isa = PBXFileReference; fileEncoding = 4; lastKnownFileType = sourcecode.swift; path = "UIDevice+ModelName.swift"; sourceTree = "<group>"; };
		524D200E1C989CBA00FCE996 /* UIView+Round.swift */ = {isa = PBXFileReference; fileEncoding = 4; lastKnownFileType = sourcecode.swift; path = "UIView+Round.swift"; sourceTree = "<group>"; };
		525150AF1CA17D1900BEC445 /* Profile.storyboard */ = {isa = PBXFileReference; fileEncoding = 4; lastKnownFileType = file.storyboard; path = Profile.storyboard; sourceTree = "<group>"; };
		525150B11CA17D7900BEC445 /* ProfileViewController.swift */ = {isa = PBXFileReference; fileEncoding = 4; lastKnownFileType = sourcecode.swift; path = ProfileViewController.swift; sourceTree = "<group>"; };
		525523981CA9869700D92F7F /* MenuItemCell.swift */ = {isa = PBXFileReference; fileEncoding = 4; lastKnownFileType = sourcecode.swift; path = MenuItemCell.swift; sourceTree = "<group>"; };
		5255239A1CA9879900D92F7F /* MainViewController.swift */ = {isa = PBXFileReference; fileEncoding = 4; lastKnownFileType = sourcecode.swift; path = MainViewController.swift; sourceTree = "<group>"; };
		5255239C1CA987CE00D92F7F /* MenuContentViewController.swift */ = {isa = PBXFileReference; fileEncoding = 4; lastKnownFileType = sourcecode.swift; path = MenuContentViewController.swift; sourceTree = "<group>"; };
		528822EC1C9B083400B490AD /* Menu.storyboard */ = {isa = PBXFileReference; fileEncoding = 4; lastKnownFileType = file.storyboard; path = Menu.storyboard; sourceTree = "<group>"; };
		528CD0751CECBEC6002090A6 /* Paid to Go.entitlements */ = {isa = PBXFileReference; lastKnownFileType = text.xml; path = "Paid to Go.entitlements"; sourceTree = "<group>"; };
		529A9D301CC57DD800720377 /* AntiCheatImageViewController.swift */ = {isa = PBXFileReference; fileEncoding = 4; lastKnownFileType = sourcecode.swift; path = AntiCheatImageViewController.swift; sourceTree = "<group>"; };
		52A3742F1C9844A900E3A4A5 /* Paid to Go.app */ = {isa = PBXFileReference; explicitFileType = wrapper.application; includeInIndex = 0; path = "Paid to Go.app"; sourceTree = BUILT_PRODUCTS_DIR; };
		52A374321C9844A900E3A4A5 /* AppDelegate.swift */ = {isa = PBXFileReference; lastKnownFileType = sourcecode.swift; path = AppDelegate.swift; sourceTree = "<group>"; };
		52A374341C9844A900E3A4A5 /* LoginViewController.swift */ = {isa = PBXFileReference; lastKnownFileType = sourcecode.swift; path = LoginViewController.swift; sourceTree = "<group>"; };
		52A374371C9844A900E3A4A5 /* Base */ = {isa = PBXFileReference; lastKnownFileType = file.storyboard; name = Base; path = Base.lproj/Main.storyboard; sourceTree = "<group>"; };
		52A374391C9844A900E3A4A5 /* Assets.xcassets */ = {isa = PBXFileReference; lastKnownFileType = folder.assetcatalog; path = Assets.xcassets; sourceTree = "<group>"; };
		52A3743C1C9844A900E3A4A5 /* Base */ = {isa = PBXFileReference; lastKnownFileType = file.storyboard; name = Base; path = Base.lproj/LaunchScreen.storyboard; sourceTree = "<group>"; };
		52A3743E1C9844A900E3A4A5 /* Info.plist */ = {isa = PBXFileReference; lastKnownFileType = text.plist.xml; path = Info.plist; sourceTree = "<group>"; };
		52B2C9091CC6A2A400504E49 /* PoolTypeEnum.swift */ = {isa = PBXFileReference; fileEncoding = 4; lastKnownFileType = sourcecode.swift; path = PoolTypeEnum.swift; sourceTree = "<group>"; };
		52B3E0D31CA2D2D2000ED657 /* Settings.storyboard */ = {isa = PBXFileReference; fileEncoding = 4; lastKnownFileType = file.storyboard; path = Settings.storyboard; sourceTree = "<group>"; };
		52B3E0D51CA2D31B000ED657 /* SettingsViewController.swift */ = {isa = PBXFileReference; fileEncoding = 4; lastKnownFileType = sourcecode.swift; path = SettingsViewController.swift; sourceTree = "<group>"; };
		52B3E0D81CA2E59C000ED657 /* Balance.storyboard */ = {isa = PBXFileReference; fileEncoding = 4; lastKnownFileType = file.storyboard; path = Balance.storyboard; sourceTree = "<group>"; };
		52B3E0DA1CA2E5F3000ED657 /* BalanceViewController.swift */ = {isa = PBXFileReference; fileEncoding = 4; lastKnownFileType = sourcecode.swift; path = BalanceViewController.swift; sourceTree = "<group>"; };
		52B3E0DD1CA3253F000ED657 /* ActivityViewController.swift */ = {isa = PBXFileReference; fileEncoding = 4; lastKnownFileType = sourcecode.swift; path = ActivityViewController.swift; sourceTree = "<group>"; };
		52B3E0DF1CA3254C000ED657 /* Activity.storyboard */ = {isa = PBXFileReference; fileEncoding = 4; lastKnownFileType = file.storyboard; path = Activity.storyboard; sourceTree = "<group>"; };
		52B3E0E31CA326A2000ED657 /* Leaderboards.storyboard */ = {isa = PBXFileReference; fileEncoding = 4; lastKnownFileType = file.storyboard; path = Leaderboards.storyboard; sourceTree = "<group>"; };
		52B3E0E51CA326A9000ED657 /* Stats.storyboard */ = {isa = PBXFileReference; fileEncoding = 4; lastKnownFileType = file.storyboard; path = Stats.storyboard; sourceTree = "<group>"; };
		52B3E0E71CA326E7000ED657 /* LeaderboardsViewController.swift */ = {isa = PBXFileReference; fileEncoding = 4; lastKnownFileType = sourcecode.swift; path = LeaderboardsViewController.swift; sourceTree = "<group>"; };
		52B3E0E91CA326FC000ED657 /* StatsViewController.swift */ = {isa = PBXFileReference; fileEncoding = 4; lastKnownFileType = sourcecode.swift; path = StatsViewController.swift; sourceTree = "<group>"; };
		52B982321CB2C42300706DCC /* PoolViewController.swift */ = {isa = PBXFileReference; fileEncoding = 4; lastKnownFileType = sourcecode.swift; path = PoolViewController.swift; sourceTree = "<group>"; };
		52B982341CB3146100706DCC /* WellDoneViewController.swift */ = {isa = PBXFileReference; fileEncoding = 4; lastKnownFileType = sourcecode.swift; path = WellDoneViewController.swift; sourceTree = "<group>"; };
		52D5B10F1CAD779A00E0BCE1 /* Localizable.strings */ = {isa = PBXFileReference; fileEncoding = 4; lastKnownFileType = text.plist.strings; path = Localizable.strings; sourceTree = "<group>"; };
		52D5B1111CAD78EB00E0BCE1 /* LocalizableLabel.swift */ = {isa = PBXFileReference; fileEncoding = 4; lastKnownFileType = sourcecode.swift; path = LocalizableLabel.swift; sourceTree = "<group>"; };
		52D5B1131CAD798100E0BCE1 /* String+Localizable.swift */ = {isa = PBXFileReference; fileEncoding = 4; lastKnownFileType = sourcecode.swift; path = "String+Localizable.swift"; sourceTree = "<group>"; };
		52D5B1151CAD7A7E00E0BCE1 /* LocalizableButton.swift */ = {isa = PBXFileReference; fileEncoding = 4; lastKnownFileType = sourcecode.swift; path = LocalizableButton.swift; sourceTree = "<group>"; };
		52E672ED1CC550380062653C /* AntiCheatViewController.swift */ = {isa = PBXFileReference; fileEncoding = 4; lastKnownFileType = sourcecode.swift; path = AntiCheatViewController.swift; sourceTree = "<group>"; };
		52FA0DFE1CECB69C00A89CF7 /* HealthKit.swift */ = {isa = PBXFileReference; fileEncoding = 4; lastKnownFileType = sourcecode.swift; path = HealthKit.swift; sourceTree = "<group>"; };
		52FC35051CC66C5600E094DA /* Platform.swift */ = {isa = PBXFileReference; fileEncoding = 4; lastKnownFileType = sourcecode.swift; path = Platform.swift; sourceTree = "<group>"; };
		7784E104AB9F0226C25A42FE /* Pods-Paid to Go.debug.xcconfig */ = {isa = PBXFileReference; includeInIndex = 1; lastKnownFileType = text.xcconfig; name = "Pods-Paid to Go.debug.xcconfig"; path = "Pods/Target Support Files/Pods-Paid to Go/Pods-Paid to Go.debug.xcconfig"; sourceTree = "<group>"; };
		7C039DA91CE216C100C7DED4 /* Balance.swift */ = {isa = PBXFileReference; fileEncoding = 4; lastKnownFileType = sourcecode.swift; path = Balance.swift; sourceTree = "<group>"; };
		7C039DAB1CE21BCD00C7DED4 /* Transaction.swift */ = {isa = PBXFileReference; fileEncoding = 4; lastKnownFileType = sourcecode.swift; path = Transaction.swift; sourceTree = "<group>"; };
		7C872D0D1CE62AC200A1083E /* PoolType.swift */ = {isa = PBXFileReference; fileEncoding = 4; lastKnownFileType = sourcecode.swift; path = PoolType.swift; sourceTree = "<group>"; };
		7C8E737E1CE518F1006B4271 /* Activity.swift */ = {isa = PBXFileReference; fileEncoding = 4; lastKnownFileType = sourcecode.swift; path = Activity.swift; sourceTree = "<group>"; };
		7F87302DB8BB0DFE8E484C67 /* Pods_Paid_to_Go.framework */ = {isa = PBXFileReference; explicitFileType = wrapper.framework; includeInIndex = 0; path = Pods_Paid_to_Go.framework; sourceTree = BUILT_PRODUCTS_DIR; };
		8292A6D1F6CAE6D3EF51639F /* Pods-Paid to Go.release.xcconfig */ = {isa = PBXFileReference; includeInIndex = 1; lastKnownFileType = text.xcconfig; name = "Pods-Paid to Go.release.xcconfig"; path = "Pods/Target Support Files/Pods-Paid to Go/Pods-Paid to Go.release.xcconfig"; sourceTree = "<group>"; };
/* End PBXFileReference section */

/* Begin PBXFrameworksBuildPhase section */
		52A3742C1C9844A900E3A4A5 /* Frameworks */ = {
			isa = PBXFrameworksBuildPhase;
			buildActionMask = 2147483647;
			files = (
				C34D996C6020C73A34190709 /* Pods_Paid_to_Go.framework in Frameworks */,
			);
			runOnlyForDeploymentPostprocessing = 0;
		};
/* End PBXFrameworksBuildPhase section */

/* Begin PBXGroup section */
		07C59521EF84CD840A219719 /* Pods */ = {
			isa = PBXGroup;
			children = (
				7784E104AB9F0226C25A42FE /* Pods-Paid to Go.debug.xcconfig */,
				8292A6D1F6CAE6D3EF51639F /* Pods-Paid to Go.release.xcconfig */,
			);
			name = Pods;
			sourceTree = "<group>";
		};
		5218FB931CCAA2B80038E7F1 /* Network */ = {
			isa = PBXGroup;
			children = (
				5218FB941CCAA2C60038E7F1 /* ConnectionManager.swift */,
			);
			name = Network;
			sourceTree = "<group>";
		};
		52227FD01C99A109002DBBFA /* Base */ = {
			isa = PBXGroup;
			children = (
				52227FCE1C999F2E002DBBFA /* ViewController.swift */,
				52227FD11C99A115002DBBFA /* NavigationController.swift */,
			);
			name = Base;
			sourceTree = "<group>";
		};
		52227FD31C99A321002DBBFA /* Utils */ = {
			isa = PBXGroup;
			children = (
				524911921CAC125C00D6E763 /* Data */,
				52258C101C9AF04100E3DAC7 /* Navigation */,
				52227FD41C99A326002DBBFA /* Appearance */,
				52FA0DFE1CECB69C00A89CF7 /* HealthKit.swift */,
			);
			name = Utils;
			sourceTree = "<group>";
		};
		52227FD41C99A326002DBBFA /* Appearance */ = {
			isa = PBXGroup;
			children = (
				52227FD51C99A331002DBBFA /* CustomColors.swift */,
			);
			name = Appearance;
			sourceTree = "<group>";
		};
		52258C0D1C9AEFB700E3DAC7 /* Home */ = {
			isa = PBXGroup;
			children = (
				523977D51CAF019D00C85CAF /* Components */,
				52258C0E1C9AEFCB00E3DAC7 /* Home.storyboard */,
				52258C131C9AF10000E3DAC7 /* HomeViewController.swift */,
				5255239C1CA987CE00D92F7F /* MenuContentViewController.swift */,
				524911951CAC5FFC00D6E763 /* PoolsViewController.swift */,
				52B982321CB2C42300706DCC /* PoolViewController.swift */,
				52B982341CB3146100706DCC /* WellDoneViewController.swift */,
				522594FD1CB6EBE1002396A4 /* ShareViewController.swift */,
				522994EC1CC15A4400C589C6 /* WDLeaderboardsViewController.swift */,
				52E672ED1CC550380062653C /* AntiCheatViewController.swift */,
				529A9D301CC57DD800720377 /* AntiCheatImageViewController.swift */,
			);
			name = Home;
			sourceTree = "<group>";
		};
		52258C101C9AF04100E3DAC7 /* Navigation */ = {
			isa = PBXGroup;
			children = (
				52258C111C9AF04F00E3DAC7 /* StoryboardRouter.swift */,
				52D5B1111CAD78EB00E0BCE1 /* LocalizableLabel.swift */,
				52D5B1151CAD7A7E00E0BCE1 /* LocalizableButton.swift */,
				52FC35051CC66C5600E094DA /* Platform.swift */,
			);
			name = Navigation;
			sourceTree = "<group>";
		};
		523977D51CAF019D00C85CAF /* Components */ = {
			isa = PBXGroup;
			children = (
				523977D61CAF01A600C85CAF /* Cells */,
			);
			name = Components;
			sourceTree = "<group>";
		};
		523977D61CAF01A600C85CAF /* Cells */ = {
			isa = PBXGroup;
			children = (
				523977D71CAF01C000C85CAF /* PoolCell.swift */,
			);
			name = Cells;
			sourceTree = "<group>";
		};
		52444B651CDA6EE900934656 /* Fonts */ = {
			isa = PBXGroup;
			children = (
				52444B661CDA6EF900934656 /* OpenSans-Bold.ttf */,
				52444B671CDA6EF900934656 /* OpenSans-BoldItalic.ttf */,
				52444B681CDA6EF900934656 /* OpenSans-ExtraBold.ttf */,
				52444B691CDA6EF900934656 /* OpenSans-ExtraBoldItalic.ttf */,
				52444B6A1CDA6EF900934656 /* OpenSans-Italic.ttf */,
				52444B6B1CDA6EF900934656 /* OpenSans-Light.ttf */,
				52444B6C1CDA6EF900934656 /* OpenSans-LightItalic.ttf */,
				52444B6D1CDA6EF900934656 /* OpenSans-Regular.ttf */,
				52444B6E1CDA6EF900934656 /* OpenSans-Semibold.ttf */,
				52444B6F1CDA6EF900934656 /* OpenSans-SemiboldItalic.ttf */,
			);
			name = Fonts;
			sourceTree = "<group>";
		};
		5249118D1CAC11DA00D6E763 /* DataProvider */ = {
			isa = PBXGroup;
			children = (
				5249118E1CAC11E600D6E763 /* DataProvider.swift */,
			);
			name = DataProvider;
			sourceTree = "<group>";
		};
		524911921CAC125C00D6E763 /* Data */ = {
			isa = PBXGroup;
			children = (
				524911931CAC126500D6E763 /* DummyDataProvider.swift */,
			);
			name = Data;
			sourceTree = "<group>";
		};
		524D200B1C98923F00FCE996 /* Extensions */ = {
			isa = PBXGroup;
			children = (
				524D200C1C98925000FCE996 /* UIDevice+ModelName.swift */,
				524D200E1C989CBA00FCE996 /* UIView+Round.swift */,
				52D5B1131CAD798100E0BCE1 /* String+Localizable.swift */,
			);
			name = Extensions;
			sourceTree = "<group>";
		};
		525150AE1CA17D0900BEC445 /* Profile */ = {
			isa = PBXGroup;
			children = (
				525150AF1CA17D1900BEC445 /* Profile.storyboard */,
				525150B11CA17D7900BEC445 /* ProfileViewController.swift */,
			);
			name = Profile;
			sourceTree = "<group>";
		};
		5255239F1CA9B20B00D92F7F /* Cells */ = {
			isa = PBXGroup;
			children = (
				525523981CA9869700D92F7F /* MenuItemCell.swift */,
			);
			name = Cells;
			sourceTree = "<group>";
		};
		5282D7B51CAAF66B002713EE /* Components */ = {
			isa = PBXGroup;
			children = (
				5282D7B61CAAF670002713EE /* Cells */,
			);
			name = Components;
			sourceTree = "<group>";
		};
		5282D7B61CAAF670002713EE /* Cells */ = {
			isa = PBXGroup;
			children = (
				5210C7511CAAC450002B4DF3 /* ActivitySimpleCell.swift */,
				5210C7531CAAC606002B4DF3 /* ActivityDefaultCell.swift */,
				5210C7551CAAC615002B4DF3 /* ActivityActionCell.swift */,
			);
			name = Cells;
			sourceTree = "<group>";
		};
		5282D7B71CAAF67B002713EE /* Components */ = {
			isa = PBXGroup;
			children = (
				5255239F1CA9B20B00D92F7F /* Cells */,
			);
			name = Components;
			sourceTree = "<group>";
		};
		5282D7B81CAAF78A002713EE /* Model */ = {
			isa = PBXGroup;
			children = (
				52B2C9081CC6A29B00504E49 /* Enums */,
				524911901CAC123100D6E763 /* Notification.swift */,
				523977D91CAF0FAC00C85CAF /* Pool.swift */,
				5218FB961CCAA30D0038E7F1 /* User.swift */,
				520C69F81CD2531E00ACB4CC /* GenericResponse.swift */,
				7C039DA91CE216C100C7DED4 /* Balance.swift */,
				7C039DAB1CE21BCD00C7DED4 /* Transaction.swift */,
				7C8E737E1CE518F1006B4271 /* Activity.swift */,
				7C872D0D1CE62AC200A1083E /* PoolType.swift */,
			);
			name = Model;
			sourceTree = "<group>";
		};
		528822EB1C9B082300B490AD /* Menu */ = {
			isa = PBXGroup;
			children = (
				5282D7B71CAAF67B002713EE /* Components */,
				528822EC1C9B083400B490AD /* Menu.storyboard */,
				5234D6FB1C9C41EE00910765 /* MenuItems.plist */,
				5234D6FF1C9C465E00910765 /* MenuViewController.swift */,
				5255239A1CA9879900D92F7F /* MainViewController.swift */,
			);
			name = Menu;
			sourceTree = "<group>";
		};
		52A374261C9844A900E3A4A5 = {
			isa = PBXGroup;
			children = (
				52A374311C9844A900E3A4A5 /* Paid to Go */,
				52A374301C9844A900E3A4A5 /* Products */,
				07C59521EF84CD840A219719 /* Pods */,
				DF8DB721E9BE9F72CADCA60E /* Frameworks */,
			);
			sourceTree = "<group>";
		};
		52A374301C9844A900E3A4A5 /* Products */ = {
			isa = PBXGroup;
			children = (
				52A3742F1C9844A900E3A4A5 /* Paid to Go.app */,
			);
			name = Products;
			sourceTree = "<group>";
		};
		52A374311C9844A900E3A4A5 /* Paid to Go */ = {
			isa = PBXGroup;
			children = (
				528CD0751CECBEC6002090A6 /* Paid to Go.entitlements */,
				52444B651CDA6EE900934656 /* Fonts */,
				52A374451C984ADA00E3A4A5 /* ViewControllers */,
				5218FB931CCAA2B80038E7F1 /* Network */,
				5249118D1CAC11DA00D6E763 /* DataProvider */,
				5282D7B81CAAF78A002713EE /* Model */,
				52227FD31C99A321002DBBFA /* Utils */,
				524D200B1C98923F00FCE996 /* Extensions */,
				52A374441C984ABE00E3A4A5 /* Resources */,
				52A374321C9844A900E3A4A5 /* AppDelegate.swift */,
				52A3743B1C9844A900E3A4A5 /* LaunchScreen.storyboard */,
				52A3743E1C9844A900E3A4A5 /* Info.plist */,
			);
			path = "Paid to Go";
			sourceTree = "<group>";
		};
		52A374441C984ABE00E3A4A5 /* Resources */ = {
			isa = PBXGroup;
			children = (
				52A374391C9844A900E3A4A5 /* Assets.xcassets */,
				52D5B10F1CAD779A00E0BCE1 /* Localizable.strings */,
			);
			name = Resources;
			sourceTree = "<group>";
		};
		52A374451C984ADA00E3A4A5 /* ViewControllers */ = {
			isa = PBXGroup;
			children = (
				52B3E0E21CA32696000ED657 /* Stats */,
				52B3E0E11CA32690000ED657 /* Leaderboards */,
				52B3E0DC1CA3251B000ED657 /* Activity */,
				52B3E0D71CA2E58E000ED657 /* Balance */,
				52B3E0D21CA2D2B9000ED657 /* Settings */,
				525150AE1CA17D0900BEC445 /* Profile */,
				528822EB1C9B082300B490AD /* Menu */,
				52258C0D1C9AEFB700E3DAC7 /* Home */,
				52227FD01C99A109002DBBFA /* Base */,
				52A374461C984B0400E3A4A5 /* Main */,
			);
			name = ViewControllers;
			sourceTree = "<group>";
		};
		52A374461C984B0400E3A4A5 /* Main */ = {
			isa = PBXGroup;
			children = (
				52A374341C9844A900E3A4A5 /* LoginViewController.swift */,
				52A374361C9844A900E3A4A5 /* Main.storyboard */,
				52227FD71C99A666002DBBFA /* SignupViewController.swift */,
				52258C0B1C9AE0EA00E3DAC7 /* TermsAndConditionsViewController.swift */,
				5234D6F91C9C343400910765 /* ForgotPasswordViewController.swift */,
			);
			name = Main;
			sourceTree = "<group>";
		};
		52B2C9081CC6A29B00504E49 /* Enums */ = {
			isa = PBXGroup;
			children = (
				52B2C9091CC6A2A400504E49 /* PoolTypeEnum.swift */,
			);
			name = Enums;
			sourceTree = "<group>";
		};
		52B3E0D21CA2D2B9000ED657 /* Settings */ = {
			isa = PBXGroup;
			children = (
				52B3E0D31CA2D2D2000ED657 /* Settings.storyboard */,
				52B3E0D51CA2D31B000ED657 /* SettingsViewController.swift */,
			);
			name = Settings;
			sourceTree = "<group>";
		};
		52B3E0D71CA2E58E000ED657 /* Balance */ = {
			isa = PBXGroup;
			children = (
				52B3E0D81CA2E59C000ED657 /* Balance.storyboard */,
				52B3E0DA1CA2E5F3000ED657 /* BalanceViewController.swift */,
			);
			name = Balance;
			sourceTree = "<group>";
		};
		52B3E0DC1CA3251B000ED657 /* Activity */ = {
			isa = PBXGroup;
			children = (
				5282D7B51CAAF66B002713EE /* Components */,
				52B3E0DD1CA3253F000ED657 /* ActivityViewController.swift */,
				52B3E0DF1CA3254C000ED657 /* Activity.storyboard */,
			);
			name = Activity;
			sourceTree = "<group>";
		};
		52B3E0E11CA32690000ED657 /* Leaderboards */ = {
			isa = PBXGroup;
			children = (
				52B3E0E31CA326A2000ED657 /* Leaderboards.storyboard */,
				52B3E0E71CA326E7000ED657 /* LeaderboardsViewController.swift */,
			);
			name = Leaderboards;
			sourceTree = "<group>";
		};
		52B3E0E21CA32696000ED657 /* Stats */ = {
			isa = PBXGroup;
			children = (
				52B3E0E51CA326A9000ED657 /* Stats.storyboard */,
				52B3E0E91CA326FC000ED657 /* StatsViewController.swift */,
			);
			name = Stats;
			sourceTree = "<group>";
		};
		DF8DB721E9BE9F72CADCA60E /* Frameworks */ = {
			isa = PBXGroup;
			children = (
				7F87302DB8BB0DFE8E484C67 /* Pods_Paid_to_Go.framework */,
			);
			name = Frameworks;
			sourceTree = "<group>";
		};
/* End PBXGroup section */

/* Begin PBXNativeTarget section */
		52A3742E1C9844A900E3A4A5 /* Paid to Go */ = {
			isa = PBXNativeTarget;
			buildConfigurationList = 52A374411C9844A900E3A4A5 /* Build configuration list for PBXNativeTarget "Paid to Go" */;
			buildPhases = (
				213CEE4DB6163B6906260FFB /* Check Pods Manifest.lock */,
				52A3742B1C9844A900E3A4A5 /* Sources */,
				52A3742C1C9844A900E3A4A5 /* Frameworks */,
				52A3742D1C9844A900E3A4A5 /* Resources */,
				E751A36549216B21D1D5CCE5 /* Embed Pods Frameworks */,
				90ED8972735CCA214F5EFE87 /* Copy Pods Resources */,
			);
			buildRules = (
			);
			dependencies = (
			);
			name = "Paid to Go";
			productName = "Paid to Go";
			productReference = 52A3742F1C9844A900E3A4A5 /* Paid to Go.app */;
			productType = "com.apple.product-type.application";
		};
/* End PBXNativeTarget section */

/* Begin PBXProject section */
		52A374271C9844A900E3A4A5 /* Project object */ = {
			isa = PBXProject;
			attributes = {
				LastSwiftUpdateCheck = 0720;
				LastUpgradeCheck = 0720;
				ORGANIZATIONNAME = Infinixsoft;
				TargetAttributes = {
					52A3742E1C9844A900E3A4A5 = {
						CreatedOnToolsVersion = 7.2;
						DevelopmentTeam = EUARY92ECY;
						SystemCapabilities = {
							com.apple.HealthKit = {
								enabled = 0;
							};
						};
					};
				};
			};
			buildConfigurationList = 52A3742A1C9844A900E3A4A5 /* Build configuration list for PBXProject "Paid to Go" */;
			compatibilityVersion = "Xcode 3.2";
			developmentRegion = English;
			hasScannedForEncodings = 0;
			knownRegions = (
				en,
				Base,
			);
			mainGroup = 52A374261C9844A900E3A4A5;
			productRefGroup = 52A374301C9844A900E3A4A5 /* Products */;
			projectDirPath = "";
			projectRoot = "";
			targets = (
				52A3742E1C9844A900E3A4A5 /* Paid to Go */,
			);
		};
/* End PBXProject section */

/* Begin PBXResourcesBuildPhase section */
		52A3742D1C9844A900E3A4A5 /* Resources */ = {
			isa = PBXResourcesBuildPhase;
			buildActionMask = 2147483647;
			files = (
				528822ED1C9B083400B490AD /* Menu.storyboard in Resources */,
				52444B731CDA6EF900934656 /* OpenSans-ExtraBoldItalic.ttf in Resources */,
				52B3E0D91CA2E59C000ED657 /* Balance.storyboard in Resources */,
				52444B751CDA6EF900934656 /* OpenSans-Light.ttf in Resources */,
				52A3743D1C9844A900E3A4A5 /* LaunchScreen.storyboard in Resources */,
				5234D6FC1C9C41EE00910765 /* MenuItems.plist in Resources */,
				52B3E0D41CA2D2D2000ED657 /* Settings.storyboard in Resources */,
				52B3E0E41CA326A2000ED657 /* Leaderboards.storyboard in Resources */,
				52B3E0E61CA326A9000ED657 /* Stats.storyboard in Resources */,
				52A3743A1C9844A900E3A4A5 /* Assets.xcassets in Resources */,
				52444B771CDA6EF900934656 /* OpenSans-Regular.ttf in Resources */,
				52444B741CDA6EF900934656 /* OpenSans-Italic.ttf in Resources */,
				52444B781CDA6EF900934656 /* OpenSans-Semibold.ttf in Resources */,
				52444B791CDA6EF900934656 /* OpenSans-SemiboldItalic.ttf in Resources */,
				52444B701CDA6EF900934656 /* OpenSans-Bold.ttf in Resources */,
				52444B711CDA6EF900934656 /* OpenSans-BoldItalic.ttf in Resources */,
				52A374381C9844A900E3A4A5 /* Main.storyboard in Resources */,
				52444B761CDA6EF900934656 /* OpenSans-LightItalic.ttf in Resources */,
				52444B721CDA6EF900934656 /* OpenSans-ExtraBold.ttf in Resources */,
				52D5B1101CAD779A00E0BCE1 /* Localizable.strings in Resources */,
				52B3E0E01CA3254C000ED657 /* Activity.storyboard in Resources */,
				525150B01CA17D1900BEC445 /* Profile.storyboard in Resources */,
				52258C0F1C9AEFCB00E3DAC7 /* Home.storyboard in Resources */,
			);
			runOnlyForDeploymentPostprocessing = 0;
		};
/* End PBXResourcesBuildPhase section */

/* Begin PBXShellScriptBuildPhase section */
		213CEE4DB6163B6906260FFB /* Check Pods Manifest.lock */ = {
			isa = PBXShellScriptBuildPhase;
			buildActionMask = 2147483647;
			files = (
			);
			inputPaths = (
			);
			name = "Check Pods Manifest.lock";
			outputPaths = (
			);
			runOnlyForDeploymentPostprocessing = 0;
			shellPath = /bin/sh;
			shellScript = "diff \"${PODS_ROOT}/../Podfile.lock\" \"${PODS_ROOT}/Manifest.lock\" > /dev/null\nif [[ $? != 0 ]] ; then\n    cat << EOM\nerror: The sandbox is not in sync with the Podfile.lock. Run 'pod install' or update your CocoaPods installation.\nEOM\n    exit 1\nfi\n";
			showEnvVarsInLog = 0;
		};
		90ED8972735CCA214F5EFE87 /* Copy Pods Resources */ = {
			isa = PBXShellScriptBuildPhase;
			buildActionMask = 2147483647;
			files = (
			);
			inputPaths = (
			);
			name = "Copy Pods Resources";
			outputPaths = (
			);
			runOnlyForDeploymentPostprocessing = 0;
			shellPath = /bin/sh;
			shellScript = "\"${SRCROOT}/Pods/Target Support Files/Pods-Paid to Go/Pods-Paid to Go-resources.sh\"\n";
			showEnvVarsInLog = 0;
		};
		E751A36549216B21D1D5CCE5 /* Embed Pods Frameworks */ = {
			isa = PBXShellScriptBuildPhase;
			buildActionMask = 2147483647;
			files = (
			);
			inputPaths = (
			);
			name = "Embed Pods Frameworks";
			outputPaths = (
			);
			runOnlyForDeploymentPostprocessing = 0;
			shellPath = /bin/sh;
			shellScript = "\"${SRCROOT}/Pods/Target Support Files/Pods-Paid to Go/Pods-Paid to Go-frameworks.sh\"\n";
			showEnvVarsInLog = 0;
		};
/* End PBXShellScriptBuildPhase section */

/* Begin PBXSourcesBuildPhase section */
		52A3742B1C9844A900E3A4A5 /* Sources */ = {
			isa = PBXSourcesBuildPhase;
			buildActionMask = 2147483647;
			files = (
				7C039DAC1CE21BCD00C7DED4 /* Transaction.swift in Sources */,
				520C69F91CD2531E00ACB4CC /* GenericResponse.swift in Sources */,
				52227FCF1C999F2E002DBBFA /* ViewController.swift in Sources */,
				5255239B1CA9879900D92F7F /* MainViewController.swift in Sources */,
				5234D7001C9C465E00910765 /* MenuViewController.swift in Sources */,
				52227FD21C99A115002DBBFA /* NavigationController.swift in Sources */,
				7C8E737F1CE518F1006B4271 /* Activity.swift in Sources */,
				52227FD81C99A666002DBBFA /* SignupViewController.swift in Sources */,
				522994ED1CC15A4400C589C6 /* WDLeaderboardsViewController.swift in Sources */,
				52B3E0E81CA326E7000ED657 /* LeaderboardsViewController.swift in Sources */,
				52B3E0DE1CA3253F000ED657 /* ActivityViewController.swift in Sources */,
				5218FB951CCAA2C60038E7F1 /* ConnectionManager.swift in Sources */,
				52B3E0EA1CA326FC000ED657 /* StatsViewController.swift in Sources */,
				52227FD61C99A331002DBBFA /* CustomColors.swift in Sources */,
				5249118F1CAC11E600D6E763 /* DataProvider.swift in Sources */,
				52B982331CB2C42300706DCC /* PoolViewController.swift in Sources */,
				52B3E0D61CA2D31B000ED657 /* SettingsViewController.swift in Sources */,
				52B3E0DB1CA2E5F3000ED657 /* BalanceViewController.swift in Sources */,
				524911961CAC5FFC00D6E763 /* PoolsViewController.swift in Sources */,
				525150B21CA17D7900BEC445 /* ProfileViewController.swift in Sources */,
				529A9D311CC57DD800720377 /* AntiCheatImageViewController.swift in Sources */,
				5210C7541CAAC606002B4DF3 /* ActivityDefaultCell.swift in Sources */,
				523977DA1CAF0FAC00C85CAF /* Pool.swift in Sources */,
				52E672EE1CC550380062653C /* AntiCheatViewController.swift in Sources */,
				52258C121C9AF04F00E3DAC7 /* StoryboardRouter.swift in Sources */,
				5218FB971CCAA30D0038E7F1 /* User.swift in Sources */,
				52D5B1161CAD7A7E00E0BCE1 /* LocalizableButton.swift in Sources */,
				52A374351C9844A900E3A4A5 /* LoginViewController.swift in Sources */,
				522594FE1CB6EBE1002396A4 /* ShareViewController.swift in Sources */,
				525523991CA9869700D92F7F /* MenuItemCell.swift in Sources */,
				5255239D1CA987CE00D92F7F /* MenuContentViewController.swift in Sources */,
				52D5B1121CAD78EB00E0BCE1 /* LocalizableLabel.swift in Sources */,
				52FA0DFF1CECB69C00A89CF7 /* HealthKit.swift in Sources */,
				7C039DAA1CE216C100C7DED4 /* Balance.swift in Sources */,
				5210C7561CAAC615002B4DF3 /* ActivityActionCell.swift in Sources */,
				52B982351CB3146100706DCC /* WellDoneViewController.swift in Sources */,
				524911941CAC126500D6E763 /* DummyDataProvider.swift in Sources */,
				52D5B1141CAD798100E0BCE1 /* String+Localizable.swift in Sources */,
				524D200F1C989CBA00FCE996 /* UIView+Round.swift in Sources */,
				5210C7521CAAC450002B4DF3 /* ActivitySimpleCell.swift in Sources */,
				7C872D0E1CE62AC200A1083E /* PoolType.swift in Sources */,
				52FC35061CC66C5600E094DA /* Platform.swift in Sources */,
				524D200D1C98925000FCE996 /* UIDevice+ModelName.swift in Sources */,
				52258C0C1C9AE0EA00E3DAC7 /* TermsAndConditionsViewController.swift in Sources */,
				523977D81CAF01C000C85CAF /* PoolCell.swift in Sources */,
				52B2C90A1CC6A2A400504E49 /* PoolTypeEnum.swift in Sources */,
				524911911CAC123100D6E763 /* Notification.swift in Sources */,
				5234D6FA1C9C343400910765 /* ForgotPasswordViewController.swift in Sources */,
				52A374331C9844A900E3A4A5 /* AppDelegate.swift in Sources */,
				52258C141C9AF10000E3DAC7 /* HomeViewController.swift in Sources */,
			);
			runOnlyForDeploymentPostprocessing = 0;
		};
/* End PBXSourcesBuildPhase section */

/* Begin PBXVariantGroup section */
		52A374361C9844A900E3A4A5 /* Main.storyboard */ = {
			isa = PBXVariantGroup;
			children = (
				52A374371C9844A900E3A4A5 /* Base */,
			);
			name = Main.storyboard;
			sourceTree = "<group>";
		};
		52A3743B1C9844A900E3A4A5 /* LaunchScreen.storyboard */ = {
			isa = PBXVariantGroup;
			children = (
				52A3743C1C9844A900E3A4A5 /* Base */,
			);
			name = LaunchScreen.storyboard;
			sourceTree = "<group>";
		};
/* End PBXVariantGroup section */

/* Begin XCBuildConfiguration section */
		52A3743F1C9844A900E3A4A5 /* Debug */ = {
			isa = XCBuildConfiguration;
			buildSettings = {
				ALWAYS_SEARCH_USER_PATHS = NO;
				CLANG_CXX_LANGUAGE_STANDARD = "gnu++0x";
				CLANG_CXX_LIBRARY = "libc++";
				CLANG_ENABLE_MODULES = YES;
				CLANG_ENABLE_OBJC_ARC = YES;
				CLANG_WARN_BOOL_CONVERSION = YES;
				CLANG_WARN_CONSTANT_CONVERSION = YES;
				CLANG_WARN_DIRECT_OBJC_ISA_USAGE = YES_ERROR;
				CLANG_WARN_EMPTY_BODY = YES;
				CLANG_WARN_ENUM_CONVERSION = YES;
				CLANG_WARN_INT_CONVERSION = YES;
				CLANG_WARN_OBJC_ROOT_CLASS = YES_ERROR;
				CLANG_WARN_UNREACHABLE_CODE = YES;
				CLANG_WARN__DUPLICATE_METHOD_MATCH = YES;
				"CODE_SIGN_IDENTITY[sdk=iphoneos*]" = "iPhone Developer";
				COPY_PHASE_STRIP = NO;
				DEBUG_INFORMATION_FORMAT = dwarf;
				ENABLE_STRICT_OBJC_MSGSEND = YES;
				ENABLE_TESTABILITY = YES;
				GCC_C_LANGUAGE_STANDARD = gnu99;
				GCC_DYNAMIC_NO_PIC = NO;
				GCC_NO_COMMON_BLOCKS = YES;
				GCC_OPTIMIZATION_LEVEL = 0;
				GCC_PREPROCESSOR_DEFINITIONS = (
					"DEBUG=1",
					"$(inherited)",
				);
				GCC_WARN_64_TO_32_BIT_CONVERSION = YES;
				GCC_WARN_ABOUT_RETURN_TYPE = YES_ERROR;
				GCC_WARN_UNDECLARED_SELECTOR = YES;
				GCC_WARN_UNINITIALIZED_AUTOS = YES_AGGRESSIVE;
				GCC_WARN_UNUSED_FUNCTION = YES;
				GCC_WARN_UNUSED_VARIABLE = YES;
				IPHONEOS_DEPLOYMENT_TARGET = 9.2;
				MTL_ENABLE_DEBUG_INFO = YES;
				ONLY_ACTIVE_ARCH = YES;
				PROVISIONING_PROFILE = "6c0e5855-0df7-48b7-a64e-a38a0236ef63";
				SDKROOT = iphoneos;
				SWIFT_OPTIMIZATION_LEVEL = "-Onone";
			};
			name = Debug;
		};
		52A374401C9844A900E3A4A5 /* Release */ = {
			isa = XCBuildConfiguration;
			buildSettings = {
				ALWAYS_SEARCH_USER_PATHS = NO;
				CLANG_CXX_LANGUAGE_STANDARD = "gnu++0x";
				CLANG_CXX_LIBRARY = "libc++";
				CLANG_ENABLE_MODULES = YES;
				CLANG_ENABLE_OBJC_ARC = YES;
				CLANG_WARN_BOOL_CONVERSION = YES;
				CLANG_WARN_CONSTANT_CONVERSION = YES;
				CLANG_WARN_DIRECT_OBJC_ISA_USAGE = YES_ERROR;
				CLANG_WARN_EMPTY_BODY = YES;
				CLANG_WARN_ENUM_CONVERSION = YES;
				CLANG_WARN_INT_CONVERSION = YES;
				CLANG_WARN_OBJC_ROOT_CLASS = YES_ERROR;
				CLANG_WARN_UNREACHABLE_CODE = YES;
				CLANG_WARN__DUPLICATE_METHOD_MATCH = YES;
				"CODE_SIGN_IDENTITY[sdk=iphoneos*]" = "iPhone Developer";
				COPY_PHASE_STRIP = NO;
				DEBUG_INFORMATION_FORMAT = "dwarf-with-dsym";
				ENABLE_NS_ASSERTIONS = NO;
				ENABLE_STRICT_OBJC_MSGSEND = YES;
				GCC_C_LANGUAGE_STANDARD = gnu99;
				GCC_NO_COMMON_BLOCKS = YES;
				GCC_WARN_64_TO_32_BIT_CONVERSION = YES;
				GCC_WARN_ABOUT_RETURN_TYPE = YES_ERROR;
				GCC_WARN_UNDECLARED_SELECTOR = YES;
				GCC_WARN_UNINITIALIZED_AUTOS = YES_AGGRESSIVE;
				GCC_WARN_UNUSED_FUNCTION = YES;
				GCC_WARN_UNUSED_VARIABLE = YES;
				IPHONEOS_DEPLOYMENT_TARGET = 9.2;
				MTL_ENABLE_DEBUG_INFO = NO;
				PROVISIONING_PROFILE = "6c0e5855-0df7-48b7-a64e-a38a0236ef63";
				SDKROOT = iphoneos;
				VALIDATE_PRODUCT = YES;
			};
			name = Release;
		};
		52A374421C9844A900E3A4A5 /* Debug */ = {
			isa = XCBuildConfiguration;
			baseConfigurationReference = 7784E104AB9F0226C25A42FE /* Pods-Paid to Go.debug.xcconfig */;
			buildSettings = {
				ASSETCATALOG_COMPILER_APPICON_NAME = AppIcon;
				CODE_SIGN_IDENTITY = "iPhone Developer";
				"CODE_SIGN_IDENTITY[sdk=iphoneos*]" = "iPhone Developer";
				INFOPLIST_FILE = "Paid to Go/Info.plist";
				LD_RUNPATH_SEARCH_PATHS = "$(inherited) @executable_path/Frameworks";
				PRODUCT_BUNDLE_IDENTIFIER = com.paidtogo;
				PRODUCT_NAME = "$(TARGET_NAME)";
				PROVISIONING_PROFILE = "";
			};
			name = Debug;
		};
		52A374431C9844A900E3A4A5 /* Release */ = {
			isa = XCBuildConfiguration;
			baseConfigurationReference = 8292A6D1F6CAE6D3EF51639F /* Pods-Paid to Go.release.xcconfig */;
			buildSettings = {
				ASSETCATALOG_COMPILER_APPICON_NAME = AppIcon;
				CODE_SIGN_IDENTITY = "iPhone Developer";
				"CODE_SIGN_IDENTITY[sdk=iphoneos*]" = "iPhone Developer";
				INFOPLIST_FILE = "Paid to Go/Info.plist";
				LD_RUNPATH_SEARCH_PATHS = "$(inherited) @executable_path/Frameworks";
				PRODUCT_BUNDLE_IDENTIFIER = com.paidtogo;
				PRODUCT_NAME = "$(TARGET_NAME)";
				PROVISIONING_PROFILE = "";
			};
			name = Release;
		};
/* End XCBuildConfiguration section */

/* Begin XCConfigurationList section */
		52A3742A1C9844A900E3A4A5 /* Build configuration list for PBXProject "Paid to Go" */ = {
			isa = XCConfigurationList;
			buildConfigurations = (
				52A3743F1C9844A900E3A4A5 /* Debug */,
				52A374401C9844A900E3A4A5 /* Release */,
			);
			defaultConfigurationIsVisible = 0;
			defaultConfigurationName = Release;
		};
		52A374411C9844A900E3A4A5 /* Build configuration list for PBXNativeTarget "Paid to Go" */ = {
			isa = XCConfigurationList;
			buildConfigurations = (
				52A374421C9844A900E3A4A5 /* Debug */,
				52A374431C9844A900E3A4A5 /* Release */,
			);
			defaultConfigurationIsVisible = 0;
			defaultConfigurationName = Release;
		};
/* End XCConfigurationList section */
	};
	rootObject = 52A374271C9844A900E3A4A5 /* Project object */;
}
